{
  "name": "web-intern",
  "version": "1.0.0",
  "lockfileVersion": 2,
  "requires": true,
  "packages": {
    "": {
      "name": "web-intern",
      "version": "1.0.0",
      "license": "ISC",
      "dependencies": {
        "uninstall-all-modules": "^1.0.5"
      }
    },
    "node_modules/uninstall-all-modules": {
      "version": "1.0.5",
      "resolved": "https://registry.npmjs.org/uninstall-all-modules/-/uninstall-all-modules-1.0.5.tgz",
      "integrity": "sha1-5LMtSUtre7bNBetI/zqsavKNwCg=",
      "bin": {
        "uninstall-all-modules": "uninstall-all-modules"
      }
    }
  },
  "dependencies": {
    "uninstall-all-modules": {
      "version": "1.0.5",
      "resolved": "https://registry.npmjs.org/uninstall-all-modules/-/uninstall-all-modules-1.0.5.tgz",
      "integrity": "sha1-5LMtSUtre7bNBetI/zqsavKNwCg="
    }
  }
}
